// !$*UTF8*$!
{
	archiveVersion = 1;
	classes = {
	};
	objectVersion = 46;
	objects = {

/* Begin PBXBuildFile section */
		69A44A121DD4FE6000AD7254 /* main.cpp in Sources */ = {isa = PBXBuildFile; fileRef = 69A44A111DD4FE6000AD7254 /* main.cpp */; };
		69A44A1A1DD4FE7700AD7254 /* doubly-linked.cpp in Sources */ = {isa = PBXBuildFile; fileRef = 69A44A181DD4FE7700AD7254 /* doubly-linked.cpp */; };
/* End PBXBuildFile section */

/* Begin PBXCopyFilesBuildPhase section */
		69A44A0C1DD4FE6000AD7254 /* CopyFiles */ = {
			isa = PBXCopyFilesBuildPhase;
			buildActionMask = 2147483647;
			dstPath = /usr/share/man/man1/;
			dstSubfolderSpec = 0;
			files = (
			);
			runOnlyForDeploymentPostprocessing = 1;
		};
/* End PBXCopyFilesBuildPhase section */

/* Begin PBXFileReference section */
		69A44A0E1DD4FE6000AD7254 /* lists */ = {isa = PBXFileReference; explicitFileType = "compiled.mach-o.executable"; includeInIndex = 0; path = lists; sourceTree = BUILT_PRODUCTS_DIR; };
		69A44A111DD4FE6000AD7254 /* main.cpp */ = {isa = PBXFileReference; lastKnownFileType = sourcecode.cpp.cpp; path = main.cpp; sourceTree = "<group>"; };
		69A44A181DD4FE7700AD7254 /* doubly-linked.cpp */ = {isa = PBXFileReference; fileEncoding = 4; lastKnownFileType = sourcecode.cpp.cpp; path = "doubly-linked.cpp"; sourceTree = "<group>"; };
		69A44A191DD4FE7700AD7254 /* doubly-linked.h */ = {isa = PBXFileReference; fileEncoding = 4; lastKnownFileType = sourcecode.c.h; path = "doubly-linked.h"; sourceTree = "<group>"; };
/* End PBXFileReference section */

/* Begin PBXFrameworksBuildPhase section */
		69A44A0B1DD4FE6000AD7254 /* Frameworks */ = {
			isa = PBXFrameworksBuildPhase;
			buildActionMask = 2147483647;
			files = (
			);
			runOnlyForDeploymentPostprocessing = 0;
		};
/* End PBXFrameworksBuildPhase section */

/* Begin PBXGroup section */
		69A44A051DD4FE6000AD7254 = {
			isa = PBXGroup;
			children = (
				69A44A101DD4FE6000AD7254 /* lists */,
				69A44A0F1DD4FE6000AD7254 /* Products */,
			);
			sourceTree = "<group>";
		};
		69A44A0F1DD4FE6000AD7254 /* Products */ = {
			isa = PBXGroup;
			children = (
				69A44A0E1DD4FE6000AD7254 /* lists */,
			);
			name = Products;
			sourceTree = "<group>";
		};
		69A44A101DD4FE6000AD7254 /* lists */ = {
			isa = PBXGroup;
			children = (
				69A44A181DD4FE7700AD7254 /* doubly-linked.cpp */,
				69A44A191DD4FE7700AD7254 /* doubly-linked.h */,
				69A44A111DD4FE6000AD7254 /* main.cpp */,
			);
			path = lists;
			sourceTree = "<group>";
		};
/* End PBXGroup section */

/* Begin PBXNativeTarget section */
		69A44A0D1DD4FE6000AD7254 /* lists */ = {
			isa = PBXNativeTarget;
			buildConfigurationList = 69A44A151DD4FE6000AD7254 /* Build configuration list for PBXNativeTarget "lists" */;
			buildPhases = (
				69A44A0A1DD4FE6000AD7254 /* Sources */,
				69A44A0B1DD4FE6000AD7254 /* Frameworks */,
				69A44A0C1DD4FE6000AD7254 /* CopyFiles */,
			);
			buildRules = (
			);
			dependencies = (
			);
			name = lists;
			productName = lists;
			productReference = 69A44A0E1DD4FE6000AD7254 /* lists */;
			productType = "com.apple.product-type.tool";
		};
/* End PBXNativeTarget section */

/* Begin PBXProject section */
		69A44A061DD4FE6000AD7254 /* Project object */ = {
			isa = PBXProject;
			attributes = {
				LastUpgradeCheck = 0720;
				ORGANIZATIONNAME = pattern;
				TargetAttributes = {
					69A44A0D1DD4FE6000AD7254 = {
						CreatedOnToolsVersion = 7.2;
					};
				};
			};
			buildConfigurationList = 69A44A091DD4FE6000AD7254 /* Build configuration list for PBXProject "lists" */;
			compatibilityVersion = "Xcode 3.2";
			developmentRegion = English;
			hasScannedForEncodings = 0;
			knownRegions = (
				en,
			);
			mainGroup = 69A44A051DD4FE6000AD7254;
			productRefGroup = 69A44A0F1DD4FE6000AD7254 /* Products */;
			projectDirPath = "";
			projectRoot = "";
			targets = (
				69A44A0D1DD4FE6000AD7254 /* lists */,
			);
		};
/* End PBXProject section */

/* Begin PBXSourcesBuildPhase section */
		69A44A0A1DD4FE6000AD7254 /* Sources */ = {
			isa = PBXSourcesBuildPhase;
			buildActionMask = 2147483647;
			files = (
				69A44A121DD4FE6000AD7254 /* main.cpp in Sources */,
				69A44A1A1DD4FE7700AD7254 /* doubly-linked.cpp in Sources */,
			);
			runOnlyForDeploymentPostprocessing = 0;
		};
/* End PBXSourcesBuildPhase section */

/* Begin XCBuildConfiguration section */
		69A44A131DD4FE6000AD7254 /* Debug */ = {
			isa = XCBuildConfiguration;
			buildSettings = {
				ALWAYS_SEARCH_USER_PATHS = NO;
				CLANG_CXX_LANGUAGE_STANDARD = "gnu++0x";
				CLANG_CXX_LIBRARY = "libc++";
				CLANG_ENABLE_MODULES = YES;
				CLANG_ENABLE_OBJC_ARC = YES;
				CLANG_WARN_BOOL_CONVERSION = YES;
				CLANG_WARN_CONSTANT_CONVERSION = YES;
				CLANG_WARN_DIRECT_OBJC_ISA_USAGE = YES_ERROR;
				CLANG_WARN_EMPTY_BODY = YES;
				CLANG_WARN_ENUM_CONVERSION = YES;
				CLANG_WARN_INT_CONVERSION = YES;
				CLANG_WARN_OBJC_ROOT_CLASS = YES_ERROR;
				CLANG_WARN_UNREACHABLE_CODE = YES;
				CLANG_WARN__DUPLICATE_METHOD_MATCH = YES;
				CODE_SIGN_IDENTITY = "-";
				COPY_PHASE_STRIP = NO;
				DEBUG_INFORMATION_FORMAT = dwarf;
				ENABLE_STRICT_OBJC_MSGSEND = YES;
				ENABLE_TESTABILITY = YES;
				GCC_C_LANGUAGE_STANDARD = gnu99;
				GCC_DYNAMIC_NO_PIC = NO;
				GCC_NO_COMMON_BLOCKS = YES;
				GCC_OPTIMIZATION_LEVEL = 0;
				GCC_PREPROCESSOR_DEFINITIONS = (
					"DEBUG=1",
					"$(inherited)",
				);
				GCC_WARN_64_TO_32_BIT_CONVERSION = YES;
				GCC_WARN_ABOUT_RETURN_TYPE = YES_ERROR;
				GCC_WARN_UNDECLARED_SELECTOR = YES;
				GCC_WARN_UNINITIALIZED_AUTOS = YES_AGGRESSIVE;
				GCC_WARN_UNUSED_FUNCTION = YES;
				GCC_WARN_UNUSED_VARIABLE = YES;
				MACOSX_DEPLOYMENT_TARGET = 10.11;
				MTL_ENABLE_DEBUG_INFO = YES;
				ONLY_ACTIVE_ARCH = YES;
				SDKROOT = macosx;
			};
			name = Debug;
		};
		69A44A141DD4FE6000AD7254 /* Release */ = {
			isa = XCBuildConfiguration;
			buildSettings = {
				ALWAYS_SEARCH_USER_PATHS = NO;
				CLANG_CXX_LANGUAGE_STANDARD = "gnu++0x";
				CLANG_CXX_LIBRARY = "libc++";
				CLANG_ENABLE_MODULES = YES;
				CLANG_ENABLE_OBJC_ARC = YES;
				CLANG_WARN_BOOL_CONVERSION = YES;
				CLANG_WARN_CONSTANT_CONVERSION = YES;
				CLANG_WARN_DIRECT_OBJC_ISA_USAGE = YES_ERROR;
				CLANG_WARN_EMPTY_BODY = YES;
				CLANG_WARN_ENUM_CONVERSION = YES;
				CLANG_WARN_INT_CONVERSION = YES;
				CLANG_WARN_OBJC_ROOT_CLASS = YES_ERROR;
				CLANG_WARN_UNREACHABLE_CODE = YES;
				CLANG_WARN__DUPLICATE_METHOD_MATCH = YES;
				CODE_SIGN_IDENTITY = "-";
				COPY_PHASE_STRIP = NO;
				DEBUG_INFORMATION_FORMAT = "dwarf-with-dsym";
				ENABLE_NS_ASSERTIONS = NO;
				ENABLE_STRICT_OBJC_MSGSEND = YES;
				GCC_C_LANGUAGE_STANDARD = gnu99;
				GCC_NO_COMMON_BLOCKS = YES;
				GCC_WARN_64_TO_32_BIT_CONVERSION = YES;
				GCC_WARN_ABOUT_RETURN_TYPE = YES_ERROR;
				GCC_WARN_UNDECLARED_SELECTOR = YES;
				GCC_WARN_UNINITIALIZED_AUTOS = YES_AGGRESSIVE;
				GCC_WARN_UNUSED_FUNCTION = YES;
				GCC_WARN_UNUSED_VARIABLE = YES;
				MACOSX_DEPLOYMENT_TARGET = 10.11;
				MTL_ENABLE_DEBUG_INFO = NO;
				SDKROOT = macosx;
			};
			name = Release;
		};
		69A44A161DD4FE6000AD7254 /* Debug */ = {
			isa = XCBuildConfiguration;
			buildSettings = {
				PRODUCT_NAME = "$(TARGET_NAME)";
			};
			name = Debug;
		};
		69A44A171DD4FE6000AD7254 /* Release */ = {
			isa = XCBuildConfiguration;
			buildSettings = {
				PRODUCT_NAME = "$(TARGET_NAME)";
			};
			name = Release;
		};
/* End XCBuildConfiguration section */

/* Begin XCConfigurationList section */
		69A44A091DD4FE6000AD7254 /* Build configuration list for PBXProject "lists" */ = {
			isa = XCConfigurationList;
			buildConfigurations = (
				69A44A131DD4FE6000AD7254 /* Debug */,
				69A44A141DD4FE6000AD7254 /* Release */,
			);
			defaultConfigurationIsVisible = 0;
			defaultConfigurationName = Release;
		};
		69A44A151DD4FE6000AD7254 /* Build configuration list for PBXNativeTarget "lists" */ = {
			isa = XCConfigurationList;
			buildConfigurations = (
				69A44A161DD4FE6000AD7254 /* Debug */,
				69A44A171DD4FE6000AD7254 /* Release */,
			);
			defaultConfigurationIsVisible = 0;
		};
/* End XCConfigurationList section */
	};
	rootObject = 69A44A061DD4FE6000AD7254 /* Project object */;
}
